{
  "name": "rxjs-demo",
  "version": "1.0.0",
  "lockfileVersion": 1,
  "requires": true,
  "dependencies": {
    "rxjs": {
      "version": "6.6.2",
      "resolved": "https://registry.npm.taobao.org/rxjs/download/rxjs-6.6.2.tgz",
      "integrity": "sha1-gJanrAPyzE/lhg725XKBDZ4BwNI=",
      "requires": {
        "tslib": "^1.9.0"
      }
    },
    "rxjs-compat": {
      "version": "6.6.2",
      "resolved": "https://registry.npm.taobao.org/rxjs-compat/download/rxjs-compat-6.6.2.tgz?cache=0&other_urls=https%3A%2F%2Fregistry.npm.taobao.org%2Frxjs-compat%2Fdownload%2Frxjs-compat-6.6.2.tgz",
      "integrity": "sha1-I1klZCQ88kZBpdLi0qz8j2sScYY="
    },
    "tslib": {
      "version": "1.13.0",
      "resolved": "https://registry.npm.taobao.org/tslib/download/tslib-1.13.0.tgz?cache=0&sync_timestamp=1596753875166&other_urls=https%3A%2F%2Fregistry.npm.taobao.org%2Ftslib%2Fdownload%2Ftslib-1.13.0.tgz",
      "integrity": "sha1-yIHhPMcBWJTtkUhi0nZDb6mkcEM="
    }
  }
}
