{
  "name": "test-publish",
  "version": "1.0.0",
  "lockfileVersion": 1,
  "requires": true,
  "dependencies": {
    "bizarre": {
      "version": "0.0.1",
      "resolved": "https://registry.npm.taobao.org/bizarre/download/bizarre-0.0.1.tgz?cache=0&other_urls=https%3A%2F%2Fregistry.npm.taobao.org%2Fbizarre%2Fdownload%2Fbizarre-0.0.1.tgz",
      "integrity": "sha1-mSnrYvXaUlt86LYnxaLW74blFsE="
    },
    "hello-real-li": {
      "version": "0.0.1",
      "resolved": "https://registry.npmjs.org/hello-real-li/-/hello-real-li-0.0.1.tgz",
      "integrity": "sha1-jwoUXzk73rnpz2ABCwTbQYwccp8="
    }
  }
}
